{
  "lockfile-version": 1,
  "manifest": {
    "version": 1,
    "install": {
      "nixfmt-rfc-style": {
        "pkg-path": "nixfmt-rfc-style"
      }
    },
    "hook": {},
    "profile": {},
    "options": {
      "systems": [
        "aarch64-darwin",
        "aarch64-linux",
        "x86_64-darwin",
        "x86_64-linux"
      ],
      "allow": {
        "licenses": []
      },
      "semver": {}
    }
  },
  "packages": [
    {
      "attr_path": "nixfmt-rfc-style",
      "broken": false,
      "derivation": "/nix/store/arrssk1hvyf2kfhgw381az6mm71karq7-nixfmt-unstable-2024-12-04.drv",
      "description": "Official formatter for Nix code",
      "install_id": "nixfmt-rfc-style",
      "license": "MPL-2.0",
      "locked_url": "https://github.com/flox/nixpkgs?rev=852ff1d9e153d8875a83602e03fdef8a63f0ecf8",
      "name": "nixfmt-unstable-2024-12-04",
      "pname": "nixfmt-rfc-style",
      "rev": "852ff1d9e153d8875a83602e03fdef8a63f0ecf8",
      "rev_count": 744133,
      "rev_date": "2025-01-26T09:59:49Z",
      "scrape_date": "2025-01-27T03:28:00Z",
      "stabilities": [
        "unstable"
      ],
      "unfree": false,
      "version": "2024-12-04",
      "outputs_to_install": [
        "out"
      ],
      "outputs": {
        "out": "/nix/store/cprmwjkhwshjwqpn6ifpphv9f6iqqf81-nixfmt-unstable-2024-12-04"
      },
      "system": "aarch64-darwin",
      "group": "toplevel",
      "priority": 5
    },
    {
      "attr_path": "nixfmt-rfc-style",
      "broken": false,
      "derivation": "/nix/store/7fvm69akwcmql8cdxf7r4c9l7ihkdn9j-nixfmt-unstable-2024-12-04.drv",
      "description": "Official formatter for Nix code",
      "install_id": "nixfmt-rfc-style",
      "license": "MPL-2.0",
      "locked_url": "https://github.com/flox/nixpkgs?rev=852ff1d9e153d8875a83602e03fdef8a63f0ecf8",
      "name": "nixfmt-unstable-2024-12-04",
      "pname": "nixfmt-rfc-style",
      "rev": "852ff1d9e153d8875a83602e03fdef8a63f0ecf8",
      "rev_count": 744133,
      "rev_date": "2025-01-26T09:59:49Z",
      "scrape_date": "2025-01-27T03:28:00Z",
      "stabilities": [
        "unstable"
      ],
      "unfree": false,
      "version": "2024-12-04",
      "outputs_to_install": [
        "out"
      ],
      "outputs": {
        "out": "/nix/store/ldgk5dmbna8sfmxc1fxjz9gc0kpfn0wr-nixfmt-unstable-2024-12-04"
      },
      "system": "aarch64-linux",
      "group": "toplevel",
      "priority": 5
    },
    {
      "attr_path": "nixfmt-rfc-style",
      "broken": false,
      "derivation": "/nix/store/58mw5w8wkm0mh8fnjcl5qknn4rs8bzxg-nixfmt-unstable-2024-12-04.drv",
      "description": "Official formatter for Nix code",
      "install_id": "nixfmt-rfc-style",
      "license": "MPL-2.0",
      "locked_url": "https://github.com/flox/nixpkgs?rev=852ff1d9e153d8875a83602e03fdef8a63f0ecf8",
      "name": "nixfmt-unstable-2024-12-04",
      "pname": "nixfmt-rfc-style",
      "rev": "852ff1d9e153d8875a83602e03fdef8a63f0ecf8",
      "rev_count": 744133,
      "rev_date": "2025-01-26T09:59:49Z",
      "scrape_date": "2025-01-27T03:28:00Z",
      "stabilities": [
        "unstable"
      ],
      "unfree": false,
      "version": "2024-12-04",
      "outputs_to_install": [
        "out"
      ],
      "outputs": {
        "out": "/nix/store/lsiffb6piimhmjdfsqq058zr3rl4i06f-nixfmt-unstable-2024-12-04"
      },
      "system": "x86_64-darwin",
      "group": "toplevel",
      "priority": 5
    },
    {
      "attr_path": "nixfmt-rfc-style",
      "broken": false,
      "derivation": "/nix/store/qg8gbj4ia04m9fnl54j88xb5pbj076wm-nixfmt-unstable-2024-12-04.drv",
      "description": "Official formatter for Nix code",
      "install_id": "nixfmt-rfc-style",
      "license": "MPL-2.0",
      "locked_url": "https://github.com/flox/nixpkgs?rev=852ff1d9e153d8875a83602e03fdef8a63f0ecf8",
      "name": "nixfmt-unstable-2024-12-04",
      "pname": "nixfmt-rfc-style",
      "rev": "852ff1d9e153d8875a83602e03fdef8a63f0ecf8",
      "rev_count": 744133,
      "rev_date": "2025-01-26T09:59:49Z",
      "scrape_date": "2025-01-27T03:28:00Z",
      "stabilities": [
        "unstable"
      ],
      "unfree": false,
      "version": "2024-12-04",
      "outputs_to_install": [
        "out"
      ],
      "outputs": {
        "out": "/nix/store/5437izm22g3084vsh0jmqmazgrdgib5n-nixfmt-unstable-2024-12-04"
      },
      "system": "x86_64-linux",
      "group": "toplevel",
      "priority": 5
    }
  ]
}